// !$*UTF8*$!
{
	archiveVersion = 1;
	classes = {
	};
	objectVersion = 77;
	objects = {

/* Begin PBXContainerItemProxy section */
		F8EB7A422CEAD526004153A7 /* PBXContainerItemProxy */ = {
			isa = PBXContainerItemProxy;
			containerPortal = F8EB7A292CEAD51F004153A7 /* Project object */;
			proxyType = 1;
			remoteGlobalIDString = F8EB7A302CEAD51F004153A7;
			remoteInfo = "cdc-assessment-1-Maggie-SwiftUI";
		};
		F8EB7A4C2CEAD527004153A7 /* PBXContainerItemProxy */ = {
			isa = PBXContainerItemProxy;
			containerPortal = F8EB7A292CEAD51F004153A7 /* Project object */;
			proxyType = 1;
			remoteGlobalIDString = F8EB7A302CEAD51F004153A7;
			remoteInfo = "cdc-assessment-1-Maggie-SwiftUI";
		};
/* End PBXContainerItemProxy section */

/* Begin PBXFileReference section */
		F8EB7A312CEAD51F004153A7 /* cdc-assessment-1-Maggie-SwiftUI.app */ = {isa = PBXFileReference; explicitFileType = wrapper.application; includeInIndex = 0; path = "cdc-assessment-1-Maggie-SwiftUI.app"; sourceTree = BUILT_PRODUCTS_DIR; };
		F8EB7A412CEAD526004153A7 /* cdc-assessment-1-Maggie-SwiftUITests.xctest */ = {isa = PBXFileReference; explicitFileType = wrapper.cfbundle; includeInIndex = 0; path = "cdc-assessment-1-Maggie-SwiftUITests.xctest"; sourceTree = BUILT_PRODUCTS_DIR; };
		F8EB7A4B2CEAD527004153A7 /* cdc-assessment-1-Maggie-SwiftUIUITests.xctest */ = {isa = PBXFileReference; explicitFileType = wrapper.cfbundle; includeInIndex = 0; path = "cdc-assessment-1-Maggie-SwiftUIUITests.xctest"; sourceTree = BUILT_PRODUCTS_DIR; };
/* End PBXFileReference section */

/* Begin PBXFileSystemSynchronizedRootGroup section */
		F8EB7A332CEAD51F004153A7 /* cdc-assessment-1-Maggie-SwiftUI */ = {
			isa = PBXFileSystemSynchronizedRootGroup;
			path = "cdc-assessment-1-Maggie-SwiftUI";
			sourceTree = "<group>";
		};
		F8EB7A442CEAD526004153A7 /* cdc-assessment-1-Maggie-SwiftUITests */ = {
			isa = PBXFileSystemSynchronizedRootGroup;
			path = "cdc-assessment-1-Maggie-SwiftUITests";
			sourceTree = "<group>";
		};
		F8EB7A4E2CEAD527004153A7 /* cdc-assessment-1-Maggie-SwiftUIUITests */ = {
			isa = PBXFileSystemSynchronizedRootGroup;
			path = "cdc-assessment-1-Maggie-SwiftUIUITests";
			sourceTree = "<group>";
		};
/* End PBXFileSystemSynchronizedRootGroup section */

/* Begin PBXFrameworksBuildPhase section */
		F8EB7A2E2CEAD51F004153A7 /* Frameworks */ = {
			isa = PBXFrameworksBuildPhase;
			buildActionMask = 2147483647;
			files = (
			);
			runOnlyForDeploymentPostprocessing = 0;
		};
		F8EB7A3E2CEAD526004153A7 /* Frameworks */ = {
			isa = PBXFrameworksBuildPhase;
			buildActionMask = 2147483647;
			files = (
			);
			runOnlyForDeploymentPostprocessing = 0;
		};
		F8EB7A482CEAD527004153A7 /* Frameworks */ = {
			isa = PBXFrameworksBuildPhase;
			buildActionMask = 2147483647;
			files = (
			);
			runOnlyForDeploymentPostprocessing = 0;
		};
/* End PBXFrameworksBuildPhase section */

/* Begin PBXGroup section */
		F8EB7A282CEAD51F004153A7 = {
			isa = PBXGroup;
			children = (
				F8EB7A332CEAD51F004153A7 /* cdc-assessment-1-Maggie-SwiftUI */,
				F8EB7A442CEAD526004153A7 /* cdc-assessment-1-Maggie-SwiftUITests */,
				F8EB7A4E2CEAD527004153A7 /* cdc-assessment-1-Maggie-SwiftUIUITests */,
				F8EB7A322CEAD51F004153A7 /* Products */,
			);
			sourceTree = "<group>";
		};
		F8EB7A322CEAD51F004153A7 /* Products */ = {
			isa = PBXGroup;
			children = (
				F8EB7A312CEAD51F004153A7 /* cdc-assessment-1-Maggie-SwiftUI.app */,
				F8EB7A412CEAD526004153A7 /* cdc-assessment-1-Maggie-SwiftUITests.xctest */,
				F8EB7A4B2CEAD527004153A7 /* cdc-assessment-1-Maggie-SwiftUIUITests.xctest */,
			);
			name = Products;
			sourceTree = "<group>";
		};
/* End PBXGroup section */

/* Begin PBXNativeTarget section */
		F8EB7A302CEAD51F004153A7 /* cdc-assessment-1-Maggie-SwiftUI */ = {
			isa = PBXNativeTarget;
			buildConfigurationList = F8EB7A552CEAD527004153A7 /* Build configuration list for PBXNativeTarget "cdc-assessment-1-Maggie-SwiftUI" */;
			buildPhases = (
				F8EB7A2D2CEAD51F004153A7 /* Sources */,
				F8EB7A2E2CEAD51F004153A7 /* Frameworks */,
				F8EB7A2F2CEAD51F004153A7 /* Resources */,
			);
			buildRules = (
			);
			dependencies = (
			);
			fileSystemSynchronizedGroups = (
				F8EB7A332CEAD51F004153A7 /* cdc-assessment-1-Maggie-SwiftUI */,
			);
			name = "cdc-assessment-1-Maggie-SwiftUI";
			packageProductDependencies = (
			);
			productName = "cdc-assessment-1-Maggie-SwiftUI";
			productReference = F8EB7A312CEAD51F004153A7 /* cdc-assessment-1-Maggie-SwiftUI.app */;
			productType = "com.apple.product-type.application";
		};
		F8EB7A402CEAD526004153A7 /* cdc-assessment-1-Maggie-SwiftUITests */ = {
			isa = PBXNativeTarget;
			buildConfigurationList = F8EB7A582CEAD527004153A7 /* Build configuration list for PBXNativeTarget "cdc-assessment-1-Maggie-SwiftUITests" */;
			buildPhases = (
				F8EB7A3D2CEAD526004153A7 /* Sources */,
				F8EB7A3E2CEAD526004153A7 /* Frameworks */,
				F8EB7A3F2CEAD526004153A7 /* Resources */,
			);
			buildRules = (
			);
			dependencies = (
				F8EB7A432CEAD526004153A7 /* PBXTargetDependency */,
			);
			fileSystemSynchronizedGroups = (
				F8EB7A442CEAD526004153A7 /* cdc-assessment-1-Maggie-SwiftUITests */,
			);
			name = "cdc-assessment-1-Maggie-SwiftUITests";
			packageProductDependencies = (
			);
			productName = "cdc-assessment-1-Maggie-SwiftUITests";
			productReference = F8EB7A412CEAD526004153A7 /* cdc-assessment-1-Maggie-SwiftUITests.xctest */;
			productType = "com.apple.product-type.bundle.unit-test";
		};
		F8EB7A4A2CEAD527004153A7 /* cdc-assessment-1-Maggie-SwiftUIUITests */ = {
			isa = PBXNativeTarget;
			buildConfigurationList = F8EB7A5B2CEAD527004153A7 /* Build configuration list for PBXNativeTarget "cdc-assessment-1-Maggie-SwiftUIUITests" */;
			buildPhases = (
				F8EB7A472CEAD527004153A7 /* Sources */,
				F8EB7A482CEAD527004153A7 /* Frameworks */,
				F8EB7A492CEAD527004153A7 /* Resources */,
			);
			buildRules = (
			);
			dependencies = (
				F8EB7A4D2CEAD527004153A7 /* PBXTargetDependency */,
			);
			fileSystemSynchronizedGroups = (
				F8EB7A4E2CEAD527004153A7 /* cdc-assessment-1-Maggie-SwiftUIUITests */,
			);
			name = "cdc-assessment-1-Maggie-SwiftUIUITests";
			packageProductDependencies = (
			);
			productName = "cdc-assessment-1-Maggie-SwiftUIUITests";
			productReference = F8EB7A4B2CEAD527004153A7 /* cdc-assessment-1-Maggie-SwiftUIUITests.xctest */;
			productType = "com.apple.product-type.bundle.ui-testing";
		};
/* End PBXNativeTarget section */

/* Begin PBXProject section */
		F8EB7A292CEAD51F004153A7 /* Project object */ = {
			isa = PBXProject;
			attributes = {
				BuildIndependentTargetsInParallel = 1;
				LastSwiftUpdateCheck = 1610;
				LastUpgradeCheck = 1610;
				TargetAttributes = {
					F8EB7A302CEAD51F004153A7 = {
						CreatedOnToolsVersion = 16.1;
					};
					F8EB7A402CEAD526004153A7 = {
						CreatedOnToolsVersion = 16.1;
						TestTargetID = F8EB7A302CEAD51F004153A7;
					};
					F8EB7A4A2CEAD527004153A7 = {
						CreatedOnToolsVersion = 16.1;
						TestTargetID = F8EB7A302CEAD51F004153A7;
					};
				};
			};
			buildConfigurationList = F8EB7A2C2CEAD51F004153A7 /* Build configuration list for PBXProject "cdc-assessment-1-Maggie-SwiftUI" */;
			developmentRegion = en;
			hasScannedForEncodings = 0;
			knownRegions = (
				en,
				Base,
			);
			mainGroup = F8EB7A282CEAD51F004153A7;
			minimizedProjectReferenceProxies = 1;
			preferredProjectObjectVersion = 77;
			productRefGroup = F8EB7A322CEAD51F004153A7 /* Products */;
			projectDirPath = "";
			projectRoot = "";
			targets = (
				F8EB7A302CEAD51F004153A7 /* cdc-assessment-1-Maggie-SwiftUI */,
				F8EB7A402CEAD526004153A7 /* cdc-assessment-1-Maggie-SwiftUITests */,
				F8EB7A4A2CEAD527004153A7 /* cdc-assessment-1-Maggie-SwiftUIUITests */,
			);
		};
/* End PBXProject section */

/* Begin PBXResourcesBuildPhase section */
		F8EB7A2F2CEAD51F004153A7 /* Resources */ = {
			isa = PBXResourcesBuildPhase;
			buildActionMask = 2147483647;
			files = (
			);
			runOnlyForDeploymentPostprocessing = 0;
		};
		F8EB7A3F2CEAD526004153A7 /* Resources */ = {
			isa = PBXResourcesBuildPhase;
			buildActionMask = 2147483647;
			files = (
			);
			runOnlyForDeploymentPostprocessing = 0;
		};
		F8EB7A492CEAD527004153A7 /* Resources */ = {
			isa = PBXResourcesBuildPhase;
			buildActionMask = 2147483647;
			files = (
			);
			runOnlyForDeploymentPostprocessing = 0;
		};
/* End PBXResourcesBuildPhase section */

/* Begin PBXSourcesBuildPhase section */
		F8EB7A2D2CEAD51F004153A7 /* Sources */ = {
			isa = PBXSourcesBuildPhase;
			buildActionMask = 2147483647;
			files = (
			);
			runOnlyForDeploymentPostprocessing = 0;
		};
		F8EB7A3D2CEAD526004153A7 /* Sources */ = {
			isa = PBXSourcesBuildPhase;
			buildActionMask = 2147483647;
			files = (
			);
			runOnlyForDeploymentPostprocessing = 0;
		};
		F8EB7A472CEAD527004153A7 /* Sources */ = {
			isa = PBXSourcesBuildPhase;
			buildActionMask = 2147483647;
			files = (
			);
			runOnlyForDeploymentPostprocessing = 0;
		};
/* End PBXSourcesBuildPhase section */

/* Begin PBXTargetDependency section */
		F8EB7A432CEAD526004153A7 /* PBXTargetDependency */ = {
			isa = PBXTargetDependency;
			target = F8EB7A302CEAD51F004153A7 /* cdc-assessment-1-Maggie-SwiftUI */;
			targetProxy = F8EB7A422CEAD526004153A7 /* PBXContainerItemProxy */;
		};
		F8EB7A4D2CEAD527004153A7 /* PBXTargetDependency */ = {
			isa = PBXTargetDependency;
			target = F8EB7A302CEAD51F004153A7 /* cdc-assessment-1-Maggie-SwiftUI */;
			targetProxy = F8EB7A4C2CEAD527004153A7 /* PBXContainerItemProxy */;
		};
/* End PBXTargetDependency section */

/* Begin XCBuildConfiguration section */
		F8EB7A532CEAD527004153A7 /* Debug */ = {
			isa = XCBuildConfiguration;
			buildSettings = {
				ALWAYS_SEARCH_USER_PATHS = NO;
				ASSETCATALOG_COMPILER_GENERATE_SWIFT_ASSET_SYMBOL_EXTENSIONS = YES;
				CLANG_ANALYZER_NONNULL = YES;
				CLANG_ANALYZER_NUMBER_OBJECT_CONVERSION = YES_AGGRESSIVE;
				CLANG_CXX_LANGUAGE_STANDARD = "gnu++20";
				CLANG_ENABLE_MODULES = YES;
				CLANG_ENABLE_OBJC_ARC = YES;
				CLANG_ENABLE_OBJC_WEAK = YES;
				CLANG_WARN_BLOCK_CAPTURE_AUTORELEASING = YES;
				CLANG_WARN_BOOL_CONVERSION = YES;
				CLANG_WARN_COMMA = YES;
				CLANG_WARN_CONSTANT_CONVERSION = YES;
				CLANG_WARN_DEPRECATED_OBJC_IMPLEMENTATIONS = YES;
				CLANG_WARN_DIRECT_OBJC_ISA_USAGE = YES_ERROR;
				CLANG_WARN_DOCUMENTATION_COMMENTS = YES;
				CLANG_WARN_EMPTY_BODY = YES;
				CLANG_WARN_ENUM_CONVERSION = YES;
				CLANG_WARN_INFINITE_RECURSION = YES;
				CLANG_WARN_INT_CONVERSION = YES;
				CLANG_WARN_NON_LITERAL_NULL_CONVERSION = YES;
				CLANG_WARN_OBJC_IMPLICIT_RETAIN_SELF = YES;
				CLANG_WARN_OBJC_LITERAL_CONVERSION = YES;
				CLANG_WARN_OBJC_ROOT_CLASS = YES_ERROR;
				CLANG_WARN_QUOTED_INCLUDE_IN_FRAMEWORK_HEADER = YES;
				CLANG_WARN_RANGE_LOOP_ANALYSIS = YES;
				CLANG_WARN_STRICT_PROTOTYPES = YES;
				CLANG_WARN_SUSPICIOUS_MOVE = YES;
				CLANG_WARN_UNGUARDED_AVAILABILITY = YES_AGGRESSIVE;
				CLANG_WARN_UNREACHABLE_CODE = YES;
				CLANG_WARN__DUPLICATE_METHOD_MATCH = YES;
				COPY_PHASE_STRIP = NO;
				DEBUG_INFORMATION_FORMAT = dwarf;
				ENABLE_STRICT_OBJC_MSGSEND = YES;
				ENABLE_TESTABILITY = YES;
				ENABLE_USER_SCRIPT_SANDBOXING = YES;
				GCC_C_LANGUAGE_STANDARD = gnu17;
				GCC_DYNAMIC_NO_PIC = NO;
				GCC_NO_COMMON_BLOCKS = YES;
				GCC_OPTIMIZATION_LEVEL = 0;
				GCC_PREPROCESSOR_DEFINITIONS = (
					"DEBUG=1",
					"$(inherited)",
				);
				GCC_WARN_64_TO_32_BIT_CONVERSION = YES;
				GCC_WARN_ABOUT_RETURN_TYPE = YES_ERROR;
				GCC_WARN_UNDECLARED_SELECTOR = YES;
				GCC_WARN_UNINITIALIZED_AUTOS = YES_AGGRESSIVE;
				GCC_WARN_UNUSED_FUNCTION = YES;
				GCC_WARN_UNUSED_VARIABLE = YES;
				IPHONEOS_DEPLOYMENT_TARGET = 18.1;
				LOCALIZATION_PREFERS_STRING_CATALOGS = YES;
				MTL_ENABLE_DEBUG_INFO = INCLUDE_SOURCE;
				MTL_FAST_MATH = YES;
				ONLY_ACTIVE_ARCH = YES;
				SDKROOT = iphoneos;
				SWIFT_ACTIVE_COMPILATION_CONDITIONS = "DEBUG $(inherited)";
				SWIFT_OPTIMIZATION_LEVEL = "-Onone";
			};
			name = Debug;
		};
		F8EB7A542CEAD527004153A7 /* Release */ = {
			isa = XCBuildConfiguration;
			buildSettings = {
				ALWAYS_SEARCH_USER_PATHS = NO;
				ASSETCATALOG_COMPILER_GENERATE_SWIFT_ASSET_SYMBOL_EXTENSIONS = YES;
				CLANG_ANALYZER_NONNULL = YES;
				CLANG_ANALYZER_NUMBER_OBJECT_CONVERSION = YES_AGGRESSIVE;
				CLANG_CXX_LANGUAGE_STANDARD = "gnu++20";
				CLANG_ENABLE_MODULES = YES;
				CLANG_ENABLE_OBJC_ARC = YES;
				CLANG_ENABLE_OBJC_WEAK = YES;
				CLANG_WARN_BLOCK_CAPTURE_AUTORELEASING = YES;
				CLANG_WARN_BOOL_CONVERSION = YES;
				CLANG_WARN_COMMA = YES;
				CLANG_WARN_CONSTANT_CONVERSION = YES;
				CLANG_WARN_DEPRECATED_OBJC_IMPLEMENTATIONS = YES;
				CLANG_WARN_DIRECT_OBJC_ISA_USAGE = YES_ERROR;
				CLANG_WARN_DOCUMENTATION_COMMENTS = YES;
				CLANG_WARN_EMPTY_BODY = YES;
				CLANG_WARN_ENUM_CONVERSION = YES;
				CLANG_WARN_INFINITE_RECURSION = YES;
				CLANG_WARN_INT_CONVERSION = YES;
				CLANG_WARN_NON_LITERAL_NULL_CONVERSION = YES;
				CLANG_WARN_OBJC_IMPLICIT_RETAIN_SELF = YES;
				CLANG_WARN_OBJC_LITERAL_CONVERSION = YES;
				CLANG_WARN_OBJC_ROOT_CLASS = YES_ERROR;
				CLANG_WARN_QUOTED_INCLUDE_IN_FRAMEWORK_HEADER = YES;
				CLANG_WARN_RANGE_LOOP_ANALYSIS = YES;
				CLANG_WARN_STRICT_PROTOTYPES = YES;
				CLANG_WARN_SUSPICIOUS_MOVE = YES;
				CLANG_WARN_UNGUARDED_AVAILABILITY = YES_AGGRESSIVE;
				CLANG_WARN_UNREACHABLE_CODE = YES;
				CLANG_WARN__DUPLICATE_METHOD_MATCH = YES;
				COPY_PHASE_STRIP = NO;
				DEBUG_INFORMATION_FORMAT = "dwarf-with-dsym";
				ENABLE_NS_ASSERTIONS = NO;
				ENABLE_STRICT_OBJC_MSGSEND = YES;
				ENABLE_USER_SCRIPT_SANDBOXING = YES;
				GCC_C_LANGUAGE_STANDARD = gnu17;
				GCC_NO_COMMON_BLOCKS = YES;
				GCC_WARN_64_TO_32_BIT_CONVERSION = YES;
				GCC_WARN_ABOUT_RETURN_TYPE = YES_ERROR;
				GCC_WARN_UNDECLARED_SELECTOR = YES;
				GCC_WARN_UNINITIALIZED_AUTOS = YES_AGGRESSIVE;
				GCC_WARN_UNUSED_FUNCTION = YES;
				GCC_WARN_UNUSED_VARIABLE = YES;
				IPHONEOS_DEPLOYMENT_TARGET = 18.1;
				LOCALIZATION_PREFERS_STRING_CATALOGS = YES;
				MTL_ENABLE_DEBUG_INFO = NO;
				MTL_FAST_MATH = YES;
				SDKROOT = iphoneos;
				SWIFT_COMPILATION_MODE = wholemodule;
				VALIDATE_PRODUCT = YES;
			};
			name = Release;
		};
		F8EB7A562CEAD527004153A7 /* Debug */ = {
			isa = XCBuildConfiguration;
			buildSettings = {
				ASSETCATALOG_COMPILER_APPICON_NAME = AppIcon;
				ASSETCATALOG_COMPILER_GLOBAL_ACCENT_COLOR_NAME = AccentColor;
				CODE_SIGN_STYLE = Automatic;
				CURRENT_PROJECT_VERSION = 1;
				DEVELOPMENT_ASSET_PATHS = "\"cdc-assessment-1-Maggie-SwiftUI/Preview Content\"";
				ENABLE_PREVIEWS = YES;
				GENERATE_INFOPLIST_FILE = YES;
				INFOPLIST_KEY_UIApplicationSceneManifest_Generation = YES;
				INFOPLIST_KEY_UIApplicationSupportsIndirectInputEvents = YES;
				INFOPLIST_KEY_UILaunchScreen_Generation = YES;
				INFOPLIST_KEY_UISupportedInterfaceOrientations_iPad = "UIInterfaceOrientationPortrait UIInterfaceOrientationPortraitUpsideDown UIInterfaceOrientationLandscapeLeft UIInterfaceOrientationLandscapeRight";
				INFOPLIST_KEY_UISupportedInterfaceOrientations_iPhone = "UIInterfaceOrientationPortrait UIInterfaceOrientationLandscapeLeft UIInterfaceOrientationLandscapeRight";
				LD_RUNPATH_SEARCH_PATHS = (
					"$(inherited)",
					"@executable_path/Frameworks",
				);
				MARKETING_VERSION = 1.0;
				PRODUCT_BUNDLE_IDENTIFIER = "cn.com.zhaominghui.cdc-assessment-1-Maggie-SwiftUI";
				PRODUCT_NAME = "$(TARGET_NAME)";
				SWIFT_EMIT_LOC_STRINGS = YES;
				SWIFT_VERSION = 5.0;
				TARGETED_DEVICE_FAMILY = "1,2";
			};
			name = Debug;
		};
		F8EB7A572CEAD527004153A7 /* Release */ = {
			isa = XCBuildConfiguration;
			buildSettings = {
				ASSETCATALOG_COMPILER_APPICON_NAME = AppIcon;
				ASSETCATALOG_COMPILER_GLOBAL_ACCENT_COLOR_NAME = AccentColor;
				CODE_SIGN_STYLE = Automatic;
				CURRENT_PROJECT_VERSION = 1;
				DEVELOPMENT_ASSET_PATHS = "\"cdc-assessment-1-Maggie-SwiftUI/Preview Content\"";
				ENABLE_PREVIEWS = YES;
				GENERATE_INFOPLIST_FILE = YES;
				INFOPLIST_KEY_UIApplicationSceneManifest_Generation = YES;
				INFOPLIST_KEY_UIApplicationSupportsIndirectInputEvents = YES;
				INFOPLIST_KEY_UILaunchScreen_Generation = YES;
				INFOPLIST_KEY_UISupportedInterfaceOrientations_iPad = "UIInterfaceOrientationPortrait UIInterfaceOrientationPortraitUpsideDown UIInterfaceOrientationLandscapeLeft UIInterfaceOrientationLandscapeRight";
				INFOPLIST_KEY_UISupportedInterfaceOrientations_iPhone = "UIInterfaceOrientationPortrait UIInterfaceOrientationLandscapeLeft UIInterfaceOrientationLandscapeRight";
				LD_RUNPATH_SEARCH_PATHS = (
					"$(inherited)",
					"@executable_path/Frameworks",
				);
				MARKETING_VERSION = 1.0;
				PRODUCT_BUNDLE_IDENTIFIER = "cn.com.zhaominghui.cdc-assessment-1-Maggie-SwiftUI";
				PRODUCT_NAME = "$(TARGET_NAME)";
				SWIFT_EMIT_LOC_STRINGS = YES;
				SWIFT_VERSION = 5.0;
				TARGETED_DEVICE_FAMILY = "1,2";
			};
			name = Release;
		};
		F8EB7A592CEAD527004153A7 /* Debug */ = {
			isa = XCBuildConfiguration;
			buildSettings = {
				BUNDLE_LOADER = "$(TEST_HOST)";
				CODE_SIGN_STYLE = Automatic;
				CURRENT_PROJECT_VERSION = 1;
				GENERATE_INFOPLIST_FILE = YES;
				IPHONEOS_DEPLOYMENT_TARGET = 18.1;
				MARKETING_VERSION = 1.0;
				PRODUCT_BUNDLE_IDENTIFIER = "cn.com.zhaominghui.cdc-assessment-1-Maggie-SwiftUITests";
				PRODUCT_NAME = "$(TARGET_NAME)";
				SWIFT_EMIT_LOC_STRINGS = NO;
				SWIFT_VERSION = 5.0;
				TARGETED_DEVICE_FAMILY = "1,2";
				TEST_HOST = "$(BUILT_PRODUCTS_DIR)/cdc-assessment-1-Maggie-SwiftUI.app/$(BUNDLE_EXECUTABLE_FOLDER_PATH)/cdc-assessment-1-Maggie-SwiftUI";
			};
			name = Debug;
		};
		F8EB7A5A2CEAD527004153A7 /* Release */ = {
			isa = XCBuildConfiguration;
			buildSettings = {
				BUNDLE_LOADER = "$(TEST_HOST)";
				CODE_SIGN_STYLE = Automatic;
				CURRENT_PROJECT_VERSION = 1;
				GENERATE_INFOPLIST_FILE = YES;
				IPHONEOS_DEPLOYMENT_TARGET = 18.1;
				MARKETING_VERSION = 1.0;
				PRODUCT_BUNDLE_IDENTIFIER = "cn.com.zhaominghui.cdc-assessment-1-Maggie-SwiftUITests";
				PRODUCT_NAME = "$(TARGET_NAME)";
				SWIFT_EMIT_LOC_STRINGS = NO;
				SWIFT_VERSION = 5.0;
				TARGETED_DEVICE_FAMILY = "1,2";
				TEST_HOST = "$(BUILT_PRODUCTS_DIR)/cdc-assessment-1-Maggie-SwiftUI.app/$(BUNDLE_EXECUTABLE_FOLDER_PATH)/cdc-assessment-1-Maggie-SwiftUI";
			};
			name = Release;
		};
		F8EB7A5C2CEAD527004153A7 /* Debug */ = {
			isa = XCBuildConfiguration;
			buildSettings = {
				CODE_SIGN_STYLE = Automatic;
				CURRENT_PROJECT_VERSION = 1;
				GENERATE_INFOPLIST_FILE = YES;
				MARKETING_VERSION = 1.0;
				PRODUCT_BUNDLE_IDENTIFIER = "cn.com.zhaominghui.cdc-assessment-1-Maggie-SwiftUIUITests";
				PRODUCT_NAME = "$(TARGET_NAME)";
				SWIFT_EMIT_LOC_STRINGS = NO;
				SWIFT_VERSION = 5.0;
				TARGETED_DEVICE_FAMILY = "1,2";
				TEST_TARGET_NAME = "cdc-assessment-1-Maggie-SwiftUI";
			};
			name = Debug;
		};
		F8EB7A5D2CEAD527004153A7 /* Release */ = {
			isa = XCBuildConfiguration;
			buildSettings = {
				CODE_SIGN_STYLE = Automatic;
				CURRENT_PROJECT_VERSION = 1;
				GENERATE_INFOPLIST_FILE = YES;
				MARKETING_VERSION = 1.0;
				PRODUCT_BUNDLE_IDENTIFIER = "cn.com.zhaominghui.cdc-assessment-1-Maggie-SwiftUIUITests";
				PRODUCT_NAME = "$(TARGET_NAME)";
				SWIFT_EMIT_LOC_STRINGS = NO;
				SWIFT_VERSION = 5.0;
				TARGETED_DEVICE_FAMILY = "1,2";
				TEST_TARGET_NAME = "cdc-assessment-1-Maggie-SwiftUI";
			};
			name = Release;
		};
/* End XCBuildConfiguration section */

/* Begin XCConfigurationList section */
		F8EB7A2C2CEAD51F004153A7 /* Build configuration list for PBXProject "cdc-assessment-1-Maggie-SwiftUI" */ = {
			isa = XCConfigurationList;
			buildConfigurations = (
				F8EB7A532CEAD527004153A7 /* Debug */,
				F8EB7A542CEAD527004153A7 /* Release */,
			);
			defaultConfigurationIsVisible = 0;
			defaultConfigurationName = Release;
		};
		F8EB7A552CEAD527004153A7 /* Build configuration list for PBXNativeTarget "cdc-assessment-1-Maggie-SwiftUI" */ = {
			isa = XCConfigurationList;
			buildConfigurations = (
				F8EB7A562CEAD527004153A7 /* Debug */,
				F8EB7A572CEAD527004153A7 /* Release */,
			);
			defaultConfigurationIsVisible = 0;
			defaultConfigurationName = Release;
		};
		F8EB7A582CEAD527004153A7 /* Build configuration list for PBXNativeTarget "cdc-assessment-1-Maggie-SwiftUITests" */ = {
			isa = XCConfigurationList;
			buildConfigurations = (
				F8EB7A592CEAD527004153A7 /* Debug */,
				F8EB7A5A2CEAD527004153A7 /* Release */,
			);
			defaultConfigurationIsVisible = 0;
			defaultConfigurationName = Release;
		};
		F8EB7A5B2CEAD527004153A7 /* Build configuration list for PBXNativeTarget "cdc-assessment-1-Maggie-SwiftUIUITests" */ = {
			isa = XCConfigurationList;
			buildConfigurations = (
				F8EB7A5C2CEAD527004153A7 /* Debug */,
				F8EB7A5D2CEAD527004153A7 /* Release */,
			);
			defaultConfigurationIsVisible = 0;
			defaultConfigurationName = Release;
		};
/* End XCConfigurationList section */
	};
	rootObject = F8EB7A292CEAD51F004153A7 /* Project object */;
}
